
Microsoft Visual Studio Solution File, Format Version 12.00
# Visual Studio Version 17
VisualStudioVersion = 17.13.35913.81 d17.13
MinimumVisualStudioVersion = 10.0.40219.1
Project("{FAE04EC0-301F-11D3-BF4B-00C04F79EFBC}") = "JopShop", "JopShop.csproj", "{A2F435CB-3ADE-4674-B59C-E75641266913}"
EndProject
Global
	GlobalSection(SolutionConfigurationPlatforms) = preSolution
		Debug|Any CPU = Debug|Any CPU
		Release|Any CPU = Release|Any CPU
	EndGlobalSection
	GlobalSection(ProjectConfigurationPlatforms) = postSolution
		{A2F435CB-3ADE-4674-B59C-E75641266913}.Debug|Any CPU.ActiveCfg = Debug|Any CPU
		{A2F435CB-3ADE-4674-B59C-E75641266913}.Debug|Any CPU.Build.0 = Debug|Any CPU
		{A2F435CB-3ADE-4674-B59C-E75641266913}.Release|Any CPU.ActiveCfg = Release|Any CPU
		{A2F435CB-3ADE-4674-B59C-E75641266913}.Release|Any CPU.Build.0 = Release|Any CPU
	EndGlobalSection
	GlobalSection(SolutionProperties) = preSolution
		HideSolutionNode = FALSE
	EndGlobalSection
	GlobalSection(ExtensibilityGlobals) = postSolution
		SolutionGuid = {2BE1F894-4542-4754-8E63-C1A490A53F08}
	EndGlobalSection
EndGlobal
